{
  "version": 4,
  "terraform_version": "1.14.3",
  "serial": 3,
  "lineage": "8728b1de-9d60-9a74-9a11-c953d738dc72",
  "outputs": {},
  "resources": [
    {
      "mode": "managed",
      "type": "aws_eks_cluster",
      "name": "infoline_cluster",
      "provider": "provider[\"registry.terraform.io/hashicorp/aws\"]",
      "instances": [
        {
          "schema_version": 1,
          "attributes": {
            "access_config": [
              {
                "authentication_mode": "CONFIG_MAP",
                "bootstrap_cluster_creator_admin_permissions": true
              }
            ],
            "arn": "arn:aws:eks:eu-west-1:265507129585:cluster/infoline-eks",
            "bootstrap_self_managed_addons": true,
            "certificate_authority": [
              {
                "data": "LS0tLS1CRUdJTiBDRVJUSUZJQ0FURS0tLS0tCk1JSURCVENDQWUyZ0F3SUJBZ0lJZlNSNFRidlFxM2t3RFFZSktvWklodmNOQVFFTEJRQXdGVEVUTUJFR0ExVUUKQXhNS2EzVmlaWEp1WlhSbGN6QWVGdzB5TmpBeE1Ua3hOak0wTVRKYUZ3MHpOakF4TVRjeE5qTTVNVEphTUJVeApFekFSQmdOVkJBTVRDbXQxWW1WeWJtVjBaWE13Z2dFaU1BMEdDU3FHU0liM0RRRUJBUVVBQTRJQkR3QXdnZ0VLCkFvSUJBUUNzWUhNNTdqZm5KN0Q5WE1FeUc3elJBTFpWWGw1UEJKT2hqYlBUU1lDTTdpejViT1dkVWFlbXpUUlgKeWJ3NFVSYUV1ME5GK0JFMVNsSGwvT2hhZE4xY3Q1NDFKZnUzY20yYUVkcHpCNmlySjM2SmJSQlR1Q2xhWTlKOAp1bVdKZzFoUzR0aCtIQTZBcU9tU2N6ZUw4N3lvOUdpZXh5bUo4S3BRMkFpSHFsdFdUa2ZUM0swaDZvV1VHdml1Ck5QS3J3Mmo1RzVOTEtLM1ZnNGx3UldmMmhVMmg0K2Y4MWdsOEJmWVNyNHNIMlRXWUk3OHVSNjVLNnoySlRtd3IKT1diY1U0ZGRWTDExbHd5ZDJobkdLaVJiTHZONGtQeHQwTzBiODNYWGlUb0tIMEs4OUwyOUZlOHZBWEpMRlYzKwpvOWxNOWVyWVI1M2ZvVUdtNWF3RlBrZ2NqWHVCQWdNQkFBR2pXVEJYTUE0R0ExVWREd0VCL3dRRUF3SUNwREFQCkJnTlZIUk1CQWY4RUJUQURBUUgvTUIwR0ExVWREZ1FXQkJUdGdFV2JvVVBrem9RczJtTytkQi9LSUc0MW9UQVYKQmdOVkhSRUVEakFNZ2dwcmRXSmxjbTVsZEdWek1BMEdDU3FHU0liM0RRRUJDd1VBQTRJQkFRQ2NiOWtoL0lBLwovbUFMTGdVVlYzWmFxbDZ1eUFHQ1BBUTF4NVgyVHlhU0Y1WTNEc1pjL2d1STNwcThQZUFWZzFaR09zdUY0UEt3CktCTXRwa1BVV3p5dHN3SU1YaitDaTFQRUFuVFRLbjJnNmdScmNxQnJtZTRUVVNZRXlVRE9HVUkwcExwY05UYlQKSTVsMnQ4UEU3a0JMWjg4TTBpV3kvSlE3aVF5cVp1K3J4RVJhMWlMQkZ5dnZ2dlE0YW9leXdGZzYycldVT2szYwovYmMwWjcybUlqZFVmRHhsMGtBLzBXVGdZejdKTXRzK29UZEo0eEF3ZmVDb1dvZ2xWc1BmQ3ZQdXUrTEpFUzJZClRWTWZxckZlRVI5OXpzTFVHbEIxNnBPQnJYZlAySXU1c0pkQ3kwZncxOGlVNkdQdFVEVjZyeGcwQjNHOUp1N3cKOUtjdHhId2xNTno4Ci0tLS0tRU5EIENFUlRJRklDQVRFLS0tLS0K"
              }
            ],
            "cluster_id": null,
            "compute_config": [
              {
                "enabled": false,
                "node_pools": [],
                "node_role_arn": ""
              }
            ],
            "control_plane_scaling_config": [
              {
                "tier": "standard"
              }
            ],
            "created_at": "2026-01-19T16:34:51Z",
            "deletion_protection": false,
            "enabled_cluster_log_types": null,
            "encryption_config": [],
            "endpoint": "https://A4BC2AE74759216CD7F76A6EC224965B.gr7.eu-west-1.eks.amazonaws.com",
            "force_update_version": null,
            "id": "infoline-eks",
            "identity": [
              {
                "oidc": [
                  {
                    "issuer": "https://oidc.eks.eu-west-1.amazonaws.com/id/A4BC2AE74759216CD7F76A6EC224965B"
                  }
                ]
              }
            ],
            "kubernetes_network_config": [
              {
                "elastic_load_balancing": [
                  {
                    "enabled": false
                  }
                ],
                "ip_family": "ipv4",
                "service_ipv4_cidr": "10.100.0.0/16",
                "service_ipv6_cidr": ""
              }
            ],
            "name": "infoline-eks",
            "outpost_config": [],
            "platform_version": "eks.12",
            "region": "eu-west-1",
            "remote_network_config": [],
            "role_arn": "arn:aws:iam::265507129585:role/eks-cluster-role",
            "status": "ACTIVE",
            "storage_config": [
              {
                "block_storage": [
                  {
                    "enabled": false
                  }
                ]
              }
            ],
            "tags": null,
            "tags_all": {},
            "timeouts": null,
            "upgrade_policy": [
              {
                "support_type": "EXTENDED"
              }
            ],
            "version": "1.34",
            "vpc_config": [
              {
                "cluster_security_group_id": "sg-091df341c2c28b8e7",
                "endpoint_private_access": false,
                "endpoint_public_access": true,
                "public_access_cidrs": [
                  "0.0.0.0/0"
                ],
                "security_group_ids": null,
                "subnet_ids": [
                  "subnet-07b6a6bfe69fa5cc4",
                  "subnet-08184cecb098162b0"
                ],
                "vpc_id": "vpc-0e6a3e6627ad87a56"
              }
            ],
            "zonal_shift_config": []
          },
          "sensitive_attributes": [],
          "identity_schema_version": 0,
          "private": "eyJlMmJmYjczMC1lY2FhLTExZTYtOGY4OC0zNDM2M2JjN2M0YzAiOnsiY3JlYXRlIjoxODAwMDAwMDAwMDAwLCJkZWxldGUiOjkwMDAwMDAwMDAwMCwidXBkYXRlIjozNjAwMDAwMDAwMDAwfSwic2NoZW1hX3ZlcnNpb24iOiIxIn0=",
          "dependencies": [
            "aws_iam_role.eks_role"
          ]
        }
      ]
    },
    {
      "mode": "managed",
      "type": "aws_iam_role",
      "name": "eks_role",
      "provider": "provider[\"registry.terraform.io/hashicorp/aws\"]",
      "instances": [
        {
          "schema_version": 0,
          "attributes": {
            "arn": "arn:aws:iam::265507129585:role/eks-cluster-role",
            "assume_role_policy": "{\"Statement\":[{\"Action\":\"sts:AssumeRole\",\"Effect\":\"Allow\",\"Principal\":{\"Service\":\"eks.amazonaws.com\"}}],\"Version\":\"2012-10-17\"}",
            "create_date": "2026-01-19T16:15:48Z",
            "description": "",
            "force_detach_policies": false,
            "id": "eks-cluster-role",
            "inline_policy": [],
            "managed_policy_arns": [],
            "max_session_duration": 3600,
            "name": "eks-cluster-role",
            "name_prefix": "",
            "path": "/",
            "permissions_boundary": "",
            "tags": {},
            "tags_all": {},
            "unique_id": "AROAT3ULVJDY433JGER7O"
          },
          "sensitive_attributes": [],
          "identity_schema_version": 0,
          "identity": {
            "account_id": "265507129585",
            "name": "eks-cluster-role"
          },
          "private": "bnVsbA=="
        }
      ]
    }
  ],
  "check_results": null
}
