{
  "version": 4,
  "terraform_version": "1.14.3",
  "serial": 1,
  "lineage": "f64f24ed-8f31-692e-17d5-d50a008d44ee",
  "outputs": {},
  "resources": [
    {
      "mode": "managed",
      "type": "aws_iam_role",
      "name": "lambda_role",
      "provider": "provider[\"registry.terraform.io/hashicorp/aws\"]",
      "instances": [
        {
          "schema_version": 0,
          "attributes": {
            "arn": "arn:aws:iam::265507129585:role/lambda_login_role",
            "assume_role_policy": "{\"Statement\":[{\"Action\":\"sts:AssumeRole\",\"Effect\":\"Allow\",\"Principal\":{\"Service\":\"lambda.amazonaws.com\"}}],\"Version\":\"2012-10-17\"}",
            "create_date": "2026-01-19T17:03:10Z",
            "description": "",
            "force_detach_policies": false,
            "id": "lambda_login_role",
            "inline_policy": [],
            "managed_policy_arns": [],
            "max_session_duration": 3600,
            "name": "lambda_login_role",
            "name_prefix": "",
            "path": "/",
            "permissions_boundary": "",
            "tags": null,
            "tags_all": {},
            "unique_id": "AROAT3ULVJDYVHXEWZ72X"
          },
          "sensitive_attributes": [],
          "identity_schema_version": 0,
          "identity": {
            "account_id": "265507129585",
            "name": "lambda_login_role"
          },
          "private": "bnVsbA=="
        }
      ]
    }
  ],
  "check_results": null
}
